
Microsoft Visual Studio Solution File, Format Version 12.00
# Visual Studio 15
VisualStudioVersion = 15.0.28307.136
MinimumVisualStudioVersion = 10.0.40219.1
Project("{FAE04EC0-301F-11D3-BF4B-00C04F79EFBC}") = "CoreWebApp", "CoreWebApp\CoreWebApp.csproj", "{EA2D652D-2ACE-486A-8110-36D26435EBC9}"
EndProject
Global
	GlobalSection(SolutionConfigurationPlatforms) = preSolution
		Debug|Any CPU = Debug|Any CPU
		Release|Any CPU = Release|Any CPU
	EndGlobalSection
	GlobalSection(ProjectConfigurationPlatforms) = postSolution
		{EA2D652D-2ACE-486A-8110-36D26435EBC9}.Debug|Any CPU.ActiveCfg = Debug|Any CPU
		{EA2D652D-2ACE-486A-8110-36D26435EBC9}.Debug|Any CPU.Build.0 = Debug|Any CPU
		{EA2D652D-2ACE-486A-8110-36D26435EBC9}.Release|Any CPU.ActiveCfg = Release|Any CPU
		{EA2D652D-2ACE-486A-8110-36D26435EBC9}.Release|Any CPU.Build.0 = Release|Any CPU
	EndGlobalSection
	GlobalSection(SolutionProperties) = preSolution
		HideSolutionNode = FALSE
	EndGlobalSection
	GlobalSection(ExtensibilityGlobals) = postSolution
		SolutionGuid = {ADAFE94C-61A6-4D1B-9EE0-8DF68B8BF05C}
	EndGlobalSection
EndGlobal
